{
  "name": "readfile_ayub",
  "version": "1.0.0",
  "lockfileVersion": 3,
  "requires": true,
  "packages": {
    "": {
      "name": "readfile_ayub",
      "version": "1.0.0",
      "license": "ISC",
      "dependencies": {
        "readfile_ayub": "^1.0.0"
      }
    },
    "node_modules/readfile_ayub": {
      "version": "1.0.0",
      "resolved": "https://registry.npmjs.org/readfile_ayub/-/readfile_ayub-1.0.0.tgz",
      "integrity": "sha512-hjZcAIiAF5tYASJcGJu38QQUoBkt6G1a50rDi8DanEGPo8+TQceWlTkaDdwANk0arwo0u/DeqWnUPXielVrQPQ=="
    }
  }
}
